// !$*UTF8*$!
{
	archiveVersion = 1;
	classes = {
	};
	objectVersion = 50;
	objects = {

/* Begin PBXBuildFile section */
		7E2C312F24EEF49F0091BE6D /* AppDelegate.swift in Sources */ = {isa = PBXBuildFile; fileRef = 7E2C312E24EEF49F0091BE6D /* AppDelegate.swift */; };
		7E2C313124EEF49F0091BE6D /* SceneDelegate.swift in Sources */ = {isa = PBXBuildFile; fileRef = 7E2C313024EEF49F0091BE6D /* SceneDelegate.swift */; };
		7E2C313324EEF49F0091BE6D /* Controller.swift in Sources */ = {isa = PBXBuildFile; fileRef = 7E2C313224EEF49F0091BE6D /* Controller.swift */; };
		7E2C313624EEF49F0091BE6D /* Main.storyboard in Resources */ = {isa = PBXBuildFile; fileRef = 7E2C313424EEF49F0091BE6D /* Main.storyboard */; };
		7E2C313824EEF4A10091BE6D /* Assets.xcassets in Resources */ = {isa = PBXBuildFile; fileRef = 7E2C313724EEF4A10091BE6D /* Assets.xcassets */; };
		7E2C313B24EEF4A10091BE6D /* LaunchScreen.storyboard in Resources */ = {isa = PBXBuildFile; fileRef = 7E2C313924EEF4A10091BE6D /* LaunchScreen.storyboard */; };
		7E2C314624EEF4A10091BE6D /* mvc_sample2Tests.swift in Sources */ = {isa = PBXBuildFile; fileRef = 7E2C314524EEF4A10091BE6D /* mvc_sample2Tests.swift */; };
		7E2C315124EEF4A10091BE6D /* mvc_sample2UITests.swift in Sources */ = {isa = PBXBuildFile; fileRef = 7E2C315024EEF4A10091BE6D /* mvc_sample2UITests.swift */; };
		7E2C316324EEFBC50091BE6D /* AppleProduct.swift in Sources */ = {isa = PBXBuildFile; fileRef = 7E2C316224EEFBC50091BE6D /* AppleProduct.swift */; };
		7E2C316524EEFDF20091BE6D /* CustomPrettyView.swift in Sources */ = {isa = PBXBuildFile; fileRef = 7E2C316424EEFDF20091BE6D /* CustomPrettyView.swift */; };
/* End PBXBuildFile section */

/* Begin PBXContainerItemProxy section */
		7E2C314224EEF4A10091BE6D /* PBXContainerItemProxy */ = {
			isa = PBXContainerItemProxy;
			containerPortal = 7E2C312324EEF49F0091BE6D /* Project object */;
			proxyType = 1;
			remoteGlobalIDString = 7E2C312A24EEF49F0091BE6D;
			remoteInfo = "mvc-sample2";
		};
		7E2C314D24EEF4A10091BE6D /* PBXContainerItemProxy */ = {
			isa = PBXContainerItemProxy;
			containerPortal = 7E2C312324EEF49F0091BE6D /* Project object */;
			proxyType = 1;
			remoteGlobalIDString = 7E2C312A24EEF49F0091BE6D;
			remoteInfo = "mvc-sample2";
		};
/* End PBXContainerItemProxy section */

/* Begin PBXFileReference section */
		7E2C312B24EEF49F0091BE6D /* mvc-sample2.app */ = {isa = PBXFileReference; explicitFileType = wrapper.application; includeInIndex = 0; path = "mvc-sample2.app"; sourceTree = BUILT_PRODUCTS_DIR; };
		7E2C312E24EEF49F0091BE6D /* AppDelegate.swift */ = {isa = PBXFileReference; lastKnownFileType = sourcecode.swift; path = AppDelegate.swift; sourceTree = "<group>"; };
		7E2C313024EEF49F0091BE6D /* SceneDelegate.swift */ = {isa = PBXFileReference; lastKnownFileType = sourcecode.swift; path = SceneDelegate.swift; sourceTree = "<group>"; };
		7E2C313224EEF49F0091BE6D /* Controller.swift */ = {isa = PBXFileReference; lastKnownFileType = sourcecode.swift; path = Controller.swift; sourceTree = "<group>"; };
		7E2C313524EEF49F0091BE6D /* Base */ = {isa = PBXFileReference; lastKnownFileType = file.storyboard; name = Base; path = Base.lproj/Main.storyboard; sourceTree = "<group>"; };
		7E2C313724EEF4A10091BE6D /* Assets.xcassets */ = {isa = PBXFileReference; lastKnownFileType = folder.assetcatalog; path = Assets.xcassets; sourceTree = "<group>"; };
		7E2C313A24EEF4A10091BE6D /* Base */ = {isa = PBXFileReference; lastKnownFileType = file.storyboard; name = Base; path = Base.lproj/LaunchScreen.storyboard; sourceTree = "<group>"; };
		7E2C313C24EEF4A10091BE6D /* Info.plist */ = {isa = PBXFileReference; lastKnownFileType = text.plist.xml; path = Info.plist; sourceTree = "<group>"; };
		7E2C314124EEF4A10091BE6D /* mvc-sample2Tests.xctest */ = {isa = PBXFileReference; explicitFileType = wrapper.cfbundle; includeInIndex = 0; path = "mvc-sample2Tests.xctest"; sourceTree = BUILT_PRODUCTS_DIR; };
		7E2C314524EEF4A10091BE6D /* mvc_sample2Tests.swift */ = {isa = PBXFileReference; lastKnownFileType = sourcecode.swift; path = mvc_sample2Tests.swift; sourceTree = "<group>"; };
		7E2C314724EEF4A10091BE6D /* Info.plist */ = {isa = PBXFileReference; lastKnownFileType = text.plist.xml; path = Info.plist; sourceTree = "<group>"; };
		7E2C314C24EEF4A10091BE6D /* mvc-sample2UITests.xctest */ = {isa = PBXFileReference; explicitFileType = wrapper.cfbundle; includeInIndex = 0; path = "mvc-sample2UITests.xctest"; sourceTree = BUILT_PRODUCTS_DIR; };
		7E2C315024EEF4A10091BE6D /* mvc_sample2UITests.swift */ = {isa = PBXFileReference; lastKnownFileType = sourcecode.swift; path = mvc_sample2UITests.swift; sourceTree = "<group>"; };
		7E2C315224EEF4A10091BE6D /* Info.plist */ = {isa = PBXFileReference; lastKnownFileType = text.plist.xml; path = Info.plist; sourceTree = "<group>"; };
		7E2C316224EEFBC50091BE6D /* AppleProduct.swift */ = {isa = PBXFileReference; lastKnownFileType = sourcecode.swift; path = AppleProduct.swift; sourceTree = "<group>"; };
		7E2C316424EEFDF20091BE6D /* CustomPrettyView.swift */ = {isa = PBXFileReference; lastKnownFileType = sourcecode.swift; path = CustomPrettyView.swift; sourceTree = "<group>"; };
/* End PBXFileReference section */

/* Begin PBXFrameworksBuildPhase section */
		7E2C312824EEF49F0091BE6D /* Frameworks */ = {
			isa = PBXFrameworksBuildPhase;
			buildActionMask = 2147483647;
			files = (
			);
			runOnlyForDeploymentPostprocessing = 0;
		};
		7E2C313E24EEF4A10091BE6D /* Frameworks */ = {
			isa = PBXFrameworksBuildPhase;
			buildActionMask = 2147483647;
			files = (
			);
			runOnlyForDeploymentPostprocessing = 0;
		};
		7E2C314924EEF4A10091BE6D /* Frameworks */ = {
			isa = PBXFrameworksBuildPhase;
			buildActionMask = 2147483647;
			files = (
			);
			runOnlyForDeploymentPostprocessing = 0;
		};
/* End PBXFrameworksBuildPhase section */

/* Begin PBXGroup section */
		7E2C312224EEF49F0091BE6D = {
			isa = PBXGroup;
			children = (
				7E2C312D24EEF49F0091BE6D /* mvc-sample2 */,
				7E2C314424EEF4A10091BE6D /* mvc-sample2Tests */,
				7E2C314F24EEF4A10091BE6D /* mvc-sample2UITests */,
				7E2C312C24EEF49F0091BE6D /* Products */,
			);
			sourceTree = "<group>";
		};
		7E2C312C24EEF49F0091BE6D /* Products */ = {
			isa = PBXGroup;
			children = (
				7E2C312B24EEF49F0091BE6D /* mvc-sample2.app */,
				7E2C314124EEF4A10091BE6D /* mvc-sample2Tests.xctest */,
				7E2C314C24EEF4A10091BE6D /* mvc-sample2UITests.xctest */,
			);
			name = Products;
			sourceTree = "<group>";
		};
		7E2C312D24EEF49F0091BE6D /* mvc-sample2 */ = {
			isa = PBXGroup;
			children = (
				7E2C316124EEF9250091BE6D /* Model */,
				7E2C316024EEF9160091BE6D /* View */,
				7E2C315F24EEF8FD0091BE6D /* Controller */,
				7E2C312E24EEF49F0091BE6D /* AppDelegate.swift */,
				7E2C313024EEF49F0091BE6D /* SceneDelegate.swift */,
				7E2C313424EEF49F0091BE6D /* Main.storyboard */,
				7E2C313724EEF4A10091BE6D /* Assets.xcassets */,
				7E2C313924EEF4A10091BE6D /* LaunchScreen.storyboard */,
				7E2C313C24EEF4A10091BE6D /* Info.plist */,
			);
			path = "mvc-sample2";
			sourceTree = "<group>";
		};
		7E2C314424EEF4A10091BE6D /* mvc-sample2Tests */ = {
			isa = PBXGroup;
			children = (
				7E2C314524EEF4A10091BE6D /* mvc_sample2Tests.swift */,
				7E2C314724EEF4A10091BE6D /* Info.plist */,
			);
			path = "mvc-sample2Tests";
			sourceTree = "<group>";
		};
		7E2C314F24EEF4A10091BE6D /* mvc-sample2UITests */ = {
			isa = PBXGroup;
			children = (
				7E2C315024EEF4A10091BE6D /* mvc_sample2UITests.swift */,
				7E2C315224EEF4A10091BE6D /* Info.plist */,
			);
			path = "mvc-sample2UITests";
			sourceTree = "<group>";
		};
		7E2C315F24EEF8FD0091BE6D /* Controller */ = {
			isa = PBXGroup;
			children = (
				7E2C313224EEF49F0091BE6D /* Controller.swift */,
			);
			path = Controller;
			sourceTree = "<group>";
		};
		7E2C316024EEF9160091BE6D /* View */ = {
			isa = PBXGroup;
			children = (
				7E2C316424EEFDF20091BE6D /* CustomPrettyView.swift */,
			);
			path = View;
			sourceTree = "<group>";
		};
		7E2C316124EEF9250091BE6D /* Model */ = {
			isa = PBXGroup;
			children = (
				7E2C316224EEFBC50091BE6D /* AppleProduct.swift */,
			);
			path = Model;
			sourceTree = "<group>";
		};
/* End PBXGroup section */

/* Begin PBXNativeTarget section */
		7E2C312A24EEF49F0091BE6D /* mvc-sample2 */ = {
			isa = PBXNativeTarget;
			buildConfigurationList = 7E2C315524EEF4A10091BE6D /* Build configuration list for PBXNativeTarget "mvc-sample2" */;
			buildPhases = (
				7E2C312724EEF49F0091BE6D /* Sources */,
				7E2C312824EEF49F0091BE6D /* Frameworks */,
				7E2C312924EEF49F0091BE6D /* Resources */,
			);
			buildRules = (
			);
			dependencies = (
			);
			name = "mvc-sample2";
			productName = "mvc-sample2";
			productReference = 7E2C312B24EEF49F0091BE6D /* mvc-sample2.app */;
			productType = "com.apple.product-type.application";
		};
		7E2C314024EEF4A10091BE6D /* mvc-sample2Tests */ = {
			isa = PBXNativeTarget;
			buildConfigurationList = 7E2C315824EEF4A10091BE6D /* Build configuration list for PBXNativeTarget "mvc-sample2Tests" */;
			buildPhases = (
				7E2C313D24EEF4A10091BE6D /* Sources */,
				7E2C313E24EEF4A10091BE6D /* Frameworks */,
				7E2C313F24EEF4A10091BE6D /* Resources */,
			);
			buildRules = (
			);
			dependencies = (
				7E2C314324EEF4A10091BE6D /* PBXTargetDependency */,
			);
			name = "mvc-sample2Tests";
			productName = "mvc-sample2Tests";
			productReference = 7E2C314124EEF4A10091BE6D /* mvc-sample2Tests.xctest */;
			productType = "com.apple.product-type.bundle.unit-test";
		};
		7E2C314B24EEF4A10091BE6D /* mvc-sample2UITests */ = {
			isa = PBXNativeTarget;
			buildConfigurationList = 7E2C315B24EEF4A10091BE6D /* Build configuration list for PBXNativeTarget "mvc-sample2UITests" */;
			buildPhases = (
				7E2C314824EEF4A10091BE6D /* Sources */,
				7E2C314924EEF4A10091BE6D /* Frameworks */,
				7E2C314A24EEF4A10091BE6D /* Resources */,
			);
			buildRules = (
			);
			dependencies = (
				7E2C314E24EEF4A10091BE6D /* PBXTargetDependency */,
			);
			name = "mvc-sample2UITests";
			productName = "mvc-sample2UITests";
			productReference = 7E2C314C24EEF4A10091BE6D /* mvc-sample2UITests.xctest */;
			productType = "com.apple.product-type.bundle.ui-testing";
		};
/* End PBXNativeTarget section */

/* Begin PBXProject section */
		7E2C312324EEF49F0091BE6D /* Project object */ = {
			isa = PBXProject;
			attributes = {
				LastSwiftUpdateCheck = 1160;
				LastUpgradeCheck = 1160;
				ORGANIZATIONNAME = "Steve Polyak";
				TargetAttributes = {
					7E2C312A24EEF49F0091BE6D = {
						CreatedOnToolsVersion = 11.6;
					};
					7E2C314024EEF4A10091BE6D = {
						CreatedOnToolsVersion = 11.6;
						TestTargetID = 7E2C312A24EEF49F0091BE6D;
					};
					7E2C314B24EEF4A10091BE6D = {
						CreatedOnToolsVersion = 11.6;
						TestTargetID = 7E2C312A24EEF49F0091BE6D;
					};
				};
			};
			buildConfigurationList = 7E2C312624EEF49F0091BE6D /* Build configuration list for PBXProject "mvc-sample2" */;
			compatibilityVersion = "Xcode 9.3";
			developmentRegion = en;
			hasScannedForEncodings = 0;
			knownRegions = (
				en,
				Base,
			);
			mainGroup = 7E2C312224EEF49F0091BE6D;
			productRefGroup = 7E2C312C24EEF49F0091BE6D /* Products */;
			projectDirPath = "";
			projectRoot = "";
			targets = (
				7E2C312A24EEF49F0091BE6D /* mvc-sample2 */,
				7E2C314024EEF4A10091BE6D /* mvc-sample2Tests */,
				7E2C314B24EEF4A10091BE6D /* mvc-sample2UITests */,
			);
		};
/* End PBXProject section */

/* Begin PBXResourcesBuildPhase section */
		7E2C312924EEF49F0091BE6D /* Resources */ = {
			isa = PBXResourcesBuildPhase;
			buildActionMask = 2147483647;
			files = (
				7E2C313B24EEF4A10091BE6D /* LaunchScreen.storyboard in Resources */,
				7E2C313824EEF4A10091BE6D /* Assets.xcassets in Resources */,
				7E2C313624EEF49F0091BE6D /* Main.storyboard in Resources */,
			);
			runOnlyForDeploymentPostprocessing = 0;
		};
		7E2C313F24EEF4A10091BE6D /* Resources */ = {
			isa = PBXResourcesBuildPhase;
			buildActionMask = 2147483647;
			files = (
			);
			runOnlyForDeploymentPostprocessing = 0;
		};
		7E2C314A24EEF4A10091BE6D /* Resources */ = {
			isa = PBXResourcesBuildPhase;
			buildActionMask = 2147483647;
			files = (
			);
			runOnlyForDeploymentPostprocessing = 0;
		};
/* End PBXResourcesBuildPhase section */

/* Begin PBXSourcesBuildPhase section */
		7E2C312724EEF49F0091BE6D /* Sources */ = {
			isa = PBXSourcesBuildPhase;
			buildActionMask = 2147483647;
			files = (
				7E2C316324EEFBC50091BE6D /* AppleProduct.swift in Sources */,
				7E2C313324EEF49F0091BE6D /* Controller.swift in Sources */,
				7E2C316524EEFDF20091BE6D /* CustomPrettyView.swift in Sources */,
				7E2C312F24EEF49F0091BE6D /* AppDelegate.swift in Sources */,
				7E2C313124EEF49F0091BE6D /* SceneDelegate.swift in Sources */,
			);
			runOnlyForDeploymentPostprocessing = 0;
		};
		7E2C313D24EEF4A10091BE6D /* Sources */ = {
			isa = PBXSourcesBuildPhase;
			buildActionMask = 2147483647;
			files = (
				7E2C314624EEF4A10091BE6D /* mvc_sample2Tests.swift in Sources */,
			);
			runOnlyForDeploymentPostprocessing = 0;
		};
		7E2C314824EEF4A10091BE6D /* Sources */ = {
			isa = PBXSourcesBuildPhase;
			buildActionMask = 2147483647;
			files = (
				7E2C315124EEF4A10091BE6D /* mvc_sample2UITests.swift in Sources */,
			);
			runOnlyForDeploymentPostprocessing = 0;
		};
/* End PBXSourcesBuildPhase section */

/* Begin PBXTargetDependency section */
		7E2C314324EEF4A10091BE6D /* PBXTargetDependency */ = {
			isa = PBXTargetDependency;
			target = 7E2C312A24EEF49F0091BE6D /* mvc-sample2 */;
			targetProxy = 7E2C314224EEF4A10091BE6D /* PBXContainerItemProxy */;
		};
		7E2C314E24EEF4A10091BE6D /* PBXTargetDependency */ = {
			isa = PBXTargetDependency;
			target = 7E2C312A24EEF49F0091BE6D /* mvc-sample2 */;
			targetProxy = 7E2C314D24EEF4A10091BE6D /* PBXContainerItemProxy */;
		};
/* End PBXTargetDependency section */

/* Begin PBXVariantGroup section */
		7E2C313424EEF49F0091BE6D /* Main.storyboard */ = {
			isa = PBXVariantGroup;
			children = (
				7E2C313524EEF49F0091BE6D /* Base */,
			);
			name = Main.storyboard;
			sourceTree = "<group>";
		};
		7E2C313924EEF4A10091BE6D /* LaunchScreen.storyboard */ = {
			isa = PBXVariantGroup;
			children = (
				7E2C313A24EEF4A10091BE6D /* Base */,
			);
			name = LaunchScreen.storyboard;
			sourceTree = "<group>";
		};
/* End PBXVariantGroup section */

/* Begin XCBuildConfiguration section */
		7E2C315324EEF4A10091BE6D /* Debug */ = {
			isa = XCBuildConfiguration;
			buildSettings = {
				ALWAYS_SEARCH_USER_PATHS = NO;
				CLANG_ANALYZER_NONNULL = YES;
				CLANG_ANALYZER_NUMBER_OBJECT_CONVERSION = YES_AGGRESSIVE;
				CLANG_CXX_LANGUAGE_STANDARD = "gnu++14";
				CLANG_CXX_LIBRARY = "libc++";
				CLANG_ENABLE_MODULES = YES;
				CLANG_ENABLE_OBJC_ARC = YES;
				CLANG_ENABLE_OBJC_WEAK = YES;
				CLANG_WARN_BLOCK_CAPTURE_AUTORELEASING = YES;
				CLANG_WARN_BOOL_CONVERSION = YES;
				CLANG_WARN_COMMA = YES;
				CLANG_WARN_CONSTANT_CONVERSION = YES;
				CLANG_WARN_DEPRECATED_OBJC_IMPLEMENTATIONS = YES;
				CLANG_WARN_DIRECT_OBJC_ISA_USAGE = YES_ERROR;
				CLANG_WARN_DOCUMENTATION_COMMENTS = YES;
				CLANG_WARN_EMPTY_BODY = YES;
				CLANG_WARN_ENUM_CONVERSION = YES;
				CLANG_WARN_INFINITE_RECURSION = YES;
				CLANG_WARN_INT_CONVERSION = YES;
				CLANG_WARN_NON_LITERAL_NULL_CONVERSION = YES;
				CLANG_WARN_OBJC_IMPLICIT_RETAIN_SELF = YES;
				CLANG_WARN_OBJC_LITERAL_CONVERSION = YES;
				CLANG_WARN_OBJC_ROOT_CLASS = YES_ERROR;
				CLANG_WARN_RANGE_LOOP_ANALYSIS = YES;
				CLANG_WARN_STRICT_PROTOTYPES = YES;
				CLANG_WARN_SUSPICIOUS_MOVE = YES;
				CLANG_WARN_UNGUARDED_AVAILABILITY = YES_AGGRESSIVE;
				CLANG_WARN_UNREACHABLE_CODE = YES;
				CLANG_WARN__DUPLICATE_METHOD_MATCH = YES;
				COPY_PHASE_STRIP = NO;
				DEBUG_INFORMATION_FORMAT = dwarf;
				ENABLE_STRICT_OBJC_MSGSEND = YES;
				ENABLE_TESTABILITY = YES;
				GCC_C_LANGUAGE_STANDARD = gnu11;
				GCC_DYNAMIC_NO_PIC = NO;
				GCC_NO_COMMON_BLOCKS = YES;
				GCC_OPTIMIZATION_LEVEL = 0;
				GCC_PREPROCESSOR_DEFINITIONS = (
					"DEBUG=1",
					"$(inherited)",
				);
				GCC_WARN_64_TO_32_BIT_CONVERSION = YES;
				GCC_WARN_ABOUT_RETURN_TYPE = YES_ERROR;
				GCC_WARN_UNDECLARED_SELECTOR = YES;
				GCC_WARN_UNINITIALIZED_AUTOS = YES_AGGRESSIVE;
				GCC_WARN_UNUSED_FUNCTION = YES;
				GCC_WARN_UNUSED_VARIABLE = YES;
				IPHONEOS_DEPLOYMENT_TARGET = 13.6;
				MTL_ENABLE_DEBUG_INFO = INCLUDE_SOURCE;
				MTL_FAST_MATH = YES;
				ONLY_ACTIVE_ARCH = YES;
				SDKROOT = iphoneos;
				SWIFT_ACTIVE_COMPILATION_CONDITIONS = DEBUG;
				SWIFT_OPTIMIZATION_LEVEL = "-Onone";
			};
			name = Debug;
		};
		7E2C315424EEF4A10091BE6D /* Release */ = {
			isa = XCBuildConfiguration;
			buildSettings = {
				ALWAYS_SEARCH_USER_PATHS = NO;
				CLANG_ANALYZER_NONNULL = YES;
				CLANG_ANALYZER_NUMBER_OBJECT_CONVERSION = YES_AGGRESSIVE;
				CLANG_CXX_LANGUAGE_STANDARD = "gnu++14";
				CLANG_CXX_LIBRARY = "libc++";
				CLANG_ENABLE_MODULES = YES;
				CLANG_ENABLE_OBJC_ARC = YES;
				CLANG_ENABLE_OBJC_WEAK = YES;
				CLANG_WARN_BLOCK_CAPTURE_AUTORELEASING = YES;
				CLANG_WARN_BOOL_CONVERSION = YES;
				CLANG_WARN_COMMA = YES;
				CLANG_WARN_CONSTANT_CONVERSION = YES;
				CLANG_WARN_DEPRECATED_OBJC_IMPLEMENTATIONS = YES;
				CLANG_WARN_DIRECT_OBJC_ISA_USAGE = YES_ERROR;
				CLANG_WARN_DOCUMENTATION_COMMENTS = YES;
				CLANG_WARN_EMPTY_BODY = YES;
				CLANG_WARN_ENUM_CONVERSION = YES;
				CLANG_WARN_INFINITE_RECURSION = YES;
				CLANG_WARN_INT_CONVERSION = YES;
				CLANG_WARN_NON_LITERAL_NULL_CONVERSION = YES;
				CLANG_WARN_OBJC_IMPLICIT_RETAIN_SELF = YES;
				CLANG_WARN_OBJC_LITERAL_CONVERSION = YES;
				CLANG_WARN_OBJC_ROOT_CLASS = YES_ERROR;
				CLANG_WARN_RANGE_LOOP_ANALYSIS = YES;
				CLANG_WARN_STRICT_PROTOTYPES = YES;
				CLANG_WARN_SUSPICIOUS_MOVE = YES;
				CLANG_WARN_UNGUARDED_AVAILABILITY = YES_AGGRESSIVE;
				CLANG_WARN_UNREACHABLE_CODE = YES;
				CLANG_WARN__DUPLICATE_METHOD_MATCH = YES;
				COPY_PHASE_STRIP = NO;
				DEBUG_INFORMATION_FORMAT = "dwarf-with-dsym";
				ENABLE_NS_ASSERTIONS = NO;
				ENABLE_STRICT_OBJC_MSGSEND = YES;
				GCC_C_LANGUAGE_STANDARD = gnu11;
				GCC_NO_COMMON_BLOCKS = YES;
				GCC_WARN_64_TO_32_BIT_CONVERSION = YES;
				GCC_WARN_ABOUT_RETURN_TYPE = YES_ERROR;
				GCC_WARN_UNDECLARED_SELECTOR = YES;
				GCC_WARN_UNINITIALIZED_AUTOS = YES_AGGRESSIVE;
				GCC_WARN_UNUSED_FUNCTION = YES;
				GCC_WARN_UNUSED_VARIABLE = YES;
				IPHONEOS_DEPLOYMENT_TARGET = 13.6;
				MTL_ENABLE_DEBUG_INFO = NO;
				MTL_FAST_MATH = YES;
				SDKROOT = iphoneos;
				SWIFT_COMPILATION_MODE = wholemodule;
				SWIFT_OPTIMIZATION_LEVEL = "-O";
				VALIDATE_PRODUCT = YES;
			};
			name = Release;
		};
		7E2C315624EEF4A10091BE6D /* Debug */ = {
			isa = XCBuildConfiguration;
			buildSettings = {
				ASSETCATALOG_COMPILER_APPICON_NAME = AppIcon;
				CODE_SIGN_STYLE = Automatic;
				DEVELOPMENT_TEAM = 5XG622933U;
				INFOPLIST_FILE = "mvc-sample2/Info.plist";
				LD_RUNPATH_SEARCH_PATHS = (
					"$(inherited)",
					"@executable_path/Frameworks",
				);
				PRODUCT_BUNDLE_IDENTIFIER = "org.stevepolyak.mvc-sample2";
				PRODUCT_NAME = "$(TARGET_NAME)";
				SWIFT_VERSION = 5.0;
				TARGETED_DEVICE_FAMILY = "1,2";
			};
			name = Debug;
		};
		7E2C315724EEF4A10091BE6D /* Release */ = {
			isa = XCBuildConfiguration;
			buildSettings = {
				ASSETCATALOG_COMPILER_APPICON_NAME = AppIcon;
				CODE_SIGN_STYLE = Automatic;
				DEVELOPMENT_TEAM = 5XG622933U;
				INFOPLIST_FILE = "mvc-sample2/Info.plist";
				LD_RUNPATH_SEARCH_PATHS = (
					"$(inherited)",
					"@executable_path/Frameworks",
				);
				PRODUCT_BUNDLE_IDENTIFIER = "org.stevepolyak.mvc-sample2";
				PRODUCT_NAME = "$(TARGET_NAME)";
				SWIFT_VERSION = 5.0;
				TARGETED_DEVICE_FAMILY = "1,2";
			};
			name = Release;
		};
		7E2C315924EEF4A10091BE6D /* Debug */ = {
			isa = XCBuildConfiguration;
			buildSettings = {
				ALWAYS_EMBED_SWIFT_STANDARD_LIBRARIES = YES;
				BUNDLE_LOADER = "$(TEST_HOST)";
				CODE_SIGN_STYLE = Automatic;
				DEVELOPMENT_TEAM = 5XG622933U;
				INFOPLIST_FILE = "mvc-sample2Tests/Info.plist";
				IPHONEOS_DEPLOYMENT_TARGET = 13.6;
				LD_RUNPATH_SEARCH_PATHS = (
					"$(inherited)",
					"@executable_path/Frameworks",
					"@loader_path/Frameworks",
				);
				PRODUCT_BUNDLE_IDENTIFIER = "org.stevepolyak.mvc-sample2Tests";
				PRODUCT_NAME = "$(TARGET_NAME)";
				SWIFT_VERSION = 5.0;
				TARGETED_DEVICE_FAMILY = "1,2";
				TEST_HOST = "$(BUILT_PRODUCTS_DIR)/mvc-sample2.app/mvc-sample2";
			};
			name = Debug;
		};
		7E2C315A24EEF4A10091BE6D /* Release */ = {
			isa = XCBuildConfiguration;
			buildSettings = {
				ALWAYS_EMBED_SWIFT_STANDARD_LIBRARIES = YES;
				BUNDLE_LOADER = "$(TEST_HOST)";
				CODE_SIGN_STYLE = Automatic;
				DEVELOPMENT_TEAM = 5XG622933U;
				INFOPLIST_FILE = "mvc-sample2Tests/Info.plist";
				IPHONEOS_DEPLOYMENT_TARGET = 13.6;
				LD_RUNPATH_SEARCH_PATHS = (
					"$(inherited)",
					"@executable_path/Frameworks",
					"@loader_path/Frameworks",
				);
				PRODUCT_BUNDLE_IDENTIFIER = "org.stevepolyak.mvc-sample2Tests";
				PRODUCT_NAME = "$(TARGET_NAME)";
				SWIFT_VERSION = 5.0;
				TARGETED_DEVICE_FAMILY = "1,2";
				TEST_HOST = "$(BUILT_PRODUCTS_DIR)/mvc-sample2.app/mvc-sample2";
			};
			name = Release;
		};
		7E2C315C24EEF4A10091BE6D /* Debug */ = {
			isa = XCBuildConfiguration;
			buildSettings = {
				ALWAYS_EMBED_SWIFT_STANDARD_LIBRARIES = YES;
				CODE_SIGN_STYLE = Automatic;
				DEVELOPMENT_TEAM = 5XG622933U;
				INFOPLIST_FILE = "mvc-sample2UITests/Info.plist";
				LD_RUNPATH_SEARCH_PATHS = (
					"$(inherited)",
					"@executable_path/Frameworks",
					"@loader_path/Frameworks",
				);
				PRODUCT_BUNDLE_IDENTIFIER = "org.stevepolyak.mvc-sample2UITests";
				PRODUCT_NAME = "$(TARGET_NAME)";
				SWIFT_VERSION = 5.0;
				TARGETED_DEVICE_FAMILY = "1,2";
				TEST_TARGET_NAME = "mvc-sample2";
			};
			name = Debug;
		};
		7E2C315D24EEF4A10091BE6D /* Release */ = {
			isa = XCBuildConfiguration;
			buildSettings = {
				ALWAYS_EMBED_SWIFT_STANDARD_LIBRARIES = YES;
				CODE_SIGN_STYLE = Automatic;
				DEVELOPMENT_TEAM = 5XG622933U;
				INFOPLIST_FILE = "mvc-sample2UITests/Info.plist";
				LD_RUNPATH_SEARCH_PATHS = (
					"$(inherited)",
					"@executable_path/Frameworks",
					"@loader_path/Frameworks",
				);
				PRODUCT_BUNDLE_IDENTIFIER = "org.stevepolyak.mvc-sample2UITests";
				PRODUCT_NAME = "$(TARGET_NAME)";
				SWIFT_VERSION = 5.0;
				TARGETED_DEVICE_FAMILY = "1,2";
				TEST_TARGET_NAME = "mvc-sample2";
			};
			name = Release;
		};
/* End XCBuildConfiguration section */

/* Begin XCConfigurationList section */
		7E2C312624EEF49F0091BE6D /* Build configuration list for PBXProject "mvc-sample2" */ = {
			isa = XCConfigurationList;
			buildConfigurations = (
				7E2C315324EEF4A10091BE6D /* Debug */,
				7E2C315424EEF4A10091BE6D /* Release */,
			);
			defaultConfigurationIsVisible = 0;
			defaultConfigurationName = Release;
		};
		7E2C315524EEF4A10091BE6D /* Build configuration list for PBXNativeTarget "mvc-sample2" */ = {
			isa = XCConfigurationList;
			buildConfigurations = (
				7E2C315624EEF4A10091BE6D /* Debug */,
				7E2C315724EEF4A10091BE6D /* Release */,
			);
			defaultConfigurationIsVisible = 0;
			defaultConfigurationName = Release;
		};
		7E2C315824EEF4A10091BE6D /* Build configuration list for PBXNativeTarget "mvc-sample2Tests" */ = {
			isa = XCConfigurationList;
			buildConfigurations = (
				7E2C315924EEF4A10091BE6D /* Debug */,
				7E2C315A24EEF4A10091BE6D /* Release */,
			);
			defaultConfigurationIsVisible = 0;
			defaultConfigurationName = Release;
		};
		7E2C315B24EEF4A10091BE6D /* Build configuration list for PBXNativeTarget "mvc-sample2UITests" */ = {
			isa = XCConfigurationList;
			buildConfigurations = (
				7E2C315C24EEF4A10091BE6D /* Debug */,
				7E2C315D24EEF4A10091BE6D /* Release */,
			);
			defaultConfigurationIsVisible = 0;
			defaultConfigurationName = Release;
		};
/* End XCConfigurationList section */
	};
	rootObject = 7E2C312324EEF49F0091BE6D /* Project object */;
}
